
Microsoft Visual Studio Solution File, Format Version 12.00
# Visual Studio Version 17
VisualStudioVersion = 17.11.35327.3
MinimumVisualStudioVersion = 10.0.40219.1
Project("{9A19103F-16F7-4668-BE54-9A1E7A4F7556}") = "shop", "shop\shop.csproj", "{8D93388B-42FD-4D64-8C72-7CB0670B35F2}"
EndProject
Project("{9A19103F-16F7-4668-BE54-9A1E7A4F7556}") = "TelegrammBot", "TelegrammBot\TelegrammBot.csproj", "{604C97C1-FED8-4B66-91E2-FB2ED75D9898}"
EndProject
Project("{9A19103F-16F7-4668-BE54-9A1E7A4F7556}") = "VKBot", "VKBot\VKBot.csproj", "{09570335-9EA5-4E49-873F-60AF1FCF33C0}"
EndProject
Project("{FAE04EC0-301F-11D3-BF4B-00C04F79EFBC}") = "DB", "DB\DB.csproj", "{7481B950-1456-4745-842D-F70978FEE570}"
EndProject
Project("{FAE04EC0-301F-11D3-BF4B-00C04F79EFBC}") = "DataLibrary", "DataLibrary\DataLibrary.csproj", "{ADDBD922-FDE3-4974-9948-3EE79E089C70}"
EndProject
Global
	GlobalSection(SolutionConfigurationPlatforms) = preSolution
		Debug|Any CPU = Debug|Any CPU
		Release|Any CPU = Release|Any CPU
	EndGlobalSection
	GlobalSection(ProjectConfigurationPlatforms) = postSolution
		{8D93388B-42FD-4D64-8C72-7CB0670B35F2}.Debug|Any CPU.ActiveCfg = Debug|Any CPU
		{8D93388B-42FD-4D64-8C72-7CB0670B35F2}.Debug|Any CPU.Build.0 = Debug|Any CPU
		{8D93388B-42FD-4D64-8C72-7CB0670B35F2}.Release|Any CPU.ActiveCfg = Release|Any CPU
		{8D93388B-42FD-4D64-8C72-7CB0670B35F2}.Release|Any CPU.Build.0 = Release|Any CPU
		{604C97C1-FED8-4B66-91E2-FB2ED75D9898}.Debug|Any CPU.ActiveCfg = Debug|Any CPU
		{604C97C1-FED8-4B66-91E2-FB2ED75D9898}.Debug|Any CPU.Build.0 = Debug|Any CPU
		{604C97C1-FED8-4B66-91E2-FB2ED75D9898}.Release|Any CPU.ActiveCfg = Release|Any CPU
		{604C97C1-FED8-4B66-91E2-FB2ED75D9898}.Release|Any CPU.Build.0 = Release|Any CPU
		{09570335-9EA5-4E49-873F-60AF1FCF33C0}.Debug|Any CPU.ActiveCfg = Debug|Any CPU
		{09570335-9EA5-4E49-873F-60AF1FCF33C0}.Debug|Any CPU.Build.0 = Debug|Any CPU
		{09570335-9EA5-4E49-873F-60AF1FCF33C0}.Release|Any CPU.ActiveCfg = Release|Any CPU
		{09570335-9EA5-4E49-873F-60AF1FCF33C0}.Release|Any CPU.Build.0 = Release|Any CPU
		{7481B950-1456-4745-842D-F70978FEE570}.Debug|Any CPU.ActiveCfg = Debug|Any CPU
		{7481B950-1456-4745-842D-F70978FEE570}.Debug|Any CPU.Build.0 = Debug|Any CPU
		{7481B950-1456-4745-842D-F70978FEE570}.Release|Any CPU.ActiveCfg = Release|Any CPU
		{7481B950-1456-4745-842D-F70978FEE570}.Release|Any CPU.Build.0 = Release|Any CPU
		{ADDBD922-FDE3-4974-9948-3EE79E089C70}.Debug|Any CPU.ActiveCfg = Debug|Any CPU
		{ADDBD922-FDE3-4974-9948-3EE79E089C70}.Debug|Any CPU.Build.0 = Debug|Any CPU
		{ADDBD922-FDE3-4974-9948-3EE79E089C70}.Release|Any CPU.ActiveCfg = Release|Any CPU
		{ADDBD922-FDE3-4974-9948-3EE79E089C70}.Release|Any CPU.Build.0 = Release|Any CPU
	EndGlobalSection
	GlobalSection(SolutionProperties) = preSolution
		HideSolutionNode = FALSE
	EndGlobalSection
	GlobalSection(ExtensibilityGlobals) = postSolution
		SolutionGuid = {7FC2C0FA-9431-49CA-AEFD-F157BE8BCA01}
	EndGlobalSection
EndGlobal
